
Microsoft Visual Studio Solution File, Format Version 12.00
# Visual Studio 15
VisualStudioVersion = 15.0.27428.2043
MinimumVisualStudioVersion = 10.0.40219.1
Project("{FAE04EC0-301F-11D3-BF4B-00C04F79EFBC}") = "MvcBootstrap", "MvcBootstrap\MvcBootstrap.csproj", "{C0E3B457-3FCB-4628-9A63-B372B65CC520}"
EndProject
Global
	GlobalSection(SolutionConfigurationPlatforms) = preSolution
		Debug|Any CPU = Debug|Any CPU
		Release|Any CPU = Release|Any CPU
	EndGlobalSection
	GlobalSection(ProjectConfigurationPlatforms) = postSolution
		{C0E3B457-3FCB-4628-9A63-B372B65CC520}.Debug|Any CPU.ActiveCfg = Debug|Any CPU
		{C0E3B457-3FCB-4628-9A63-B372B65CC520}.Debug|Any CPU.Build.0 = Debug|Any CPU
		{C0E3B457-3FCB-4628-9A63-B372B65CC520}.Release|Any CPU.ActiveCfg = Release|Any CPU
		{C0E3B457-3FCB-4628-9A63-B372B65CC520}.Release|Any CPU.Build.0 = Release|Any CPU
	EndGlobalSection
	GlobalSection(SolutionProperties) = preSolution
		HideSolutionNode = FALSE
	EndGlobalSection
	GlobalSection(ExtensibilityGlobals) = postSolution
		SolutionGuid = {D463C91A-6326-4CB8-81E2-D7B1DC0EA583}
	EndGlobalSection
EndGlobal
